
Microsoft Visual Studio Solution File, Format Version 12.00
# Visual Studio Version 17
VisualStudioVersion = 17.5.33502.453
MinimumVisualStudioVersion = 10.0.40219.1
Project("{FAE04EC0-301F-11D3-BF4B-00C04F79EFBC}") = "Eva2", "Eva2\Eva2.csproj", "{9C7C9A17-B845-4C3E-B46C-1697B1884738}"
EndProject
Global
	GlobalSection(SolutionConfigurationPlatforms) = preSolution
		Debug|Any CPU = Debug|Any CPU
		Release|Any CPU = Release|Any CPU
	EndGlobalSection
	GlobalSection(ProjectConfigurationPlatforms) = postSolution
		{9C7C9A17-B845-4C3E-B46C-1697B1884738}.Debug|Any CPU.ActiveCfg = Debug|Any CPU
		{9C7C9A17-B845-4C3E-B46C-1697B1884738}.Debug|Any CPU.Build.0 = Debug|Any CPU
		{9C7C9A17-B845-4C3E-B46C-1697B1884738}.Release|Any CPU.ActiveCfg = Release|Any CPU
		{9C7C9A17-B845-4C3E-B46C-1697B1884738}.Release|Any CPU.Build.0 = Release|Any CPU
	EndGlobalSection
	GlobalSection(SolutionProperties) = preSolution
		HideSolutionNode = FALSE
	EndGlobalSection
	GlobalSection(ExtensibilityGlobals) = postSolution
		SolutionGuid = {16689094-5115-470C-ADD3-2759AAA35BB5}
	EndGlobalSection
EndGlobal
